
Microsoft Visual Studio Solution File, Format Version 12.00
# Visual Studio 2013
VisualStudioVersion = 12.0.30723.0
MinimumVisualStudioVersion = 10.0.40219.1
Project("{FAE04EC0-301F-11D3-BF4B-00C04F79EFBC}") = "AdminPart", "Project2\AdminPart.csproj", "{11293C51-19A0-426B-A05A-CECD884CB5C3}"
EndProject
Project("{FAE04EC0-301F-11D3-BF4B-00C04F79EFBC}") = "UserPart", "Project\UserPart.csproj", "{E9C90B23-2790-4A98-B9CC-7870EFD69440}"
EndProject
Project("{FAE04EC0-301F-11D3-BF4B-00C04F79EFBC}") = "TestRepository", "TestRepository\TestRepository.csproj", "{89372C77-9DF7-4EAD-BE87-00A34BFB69F2}"
EndProject
Project("{FAE04EC0-301F-11D3-BF4B-00C04F79EFBC}") = "Repository", "Repository\Repository.csproj", "{3FC556B9-4563-4D5E-BF85-CB60DDFEE046}"
EndProject
Global
	GlobalSection(SolutionConfigurationPlatforms) = preSolution
		Debug|Any CPU = Debug|Any CPU
		Release|Any CPU = Release|Any CPU
	EndGlobalSection
	GlobalSection(ProjectConfigurationPlatforms) = postSolution
		{11293C51-19A0-426B-A05A-CECD884CB5C3}.Debug|Any CPU.ActiveCfg = Debug|Any CPU
		{11293C51-19A0-426B-A05A-CECD884CB5C3}.Debug|Any CPU.Build.0 = Debug|Any CPU
		{11293C51-19A0-426B-A05A-CECD884CB5C3}.Release|Any CPU.ActiveCfg = Release|Any CPU
		{11293C51-19A0-426B-A05A-CECD884CB5C3}.Release|Any CPU.Build.0 = Release|Any CPU
		{E9C90B23-2790-4A98-B9CC-7870EFD69440}.Debug|Any CPU.ActiveCfg = Debug|Any CPU
		{E9C90B23-2790-4A98-B9CC-7870EFD69440}.Debug|Any CPU.Build.0 = Debug|Any CPU
		{E9C90B23-2790-4A98-B9CC-7870EFD69440}.Release|Any CPU.ActiveCfg = Release|Any CPU
		{E9C90B23-2790-4A98-B9CC-7870EFD69440}.Release|Any CPU.Build.0 = Release|Any CPU
		{89372C77-9DF7-4EAD-BE87-00A34BFB69F2}.Debug|Any CPU.ActiveCfg = Debug|Any CPU
		{89372C77-9DF7-4EAD-BE87-00A34BFB69F2}.Debug|Any CPU.Build.0 = Debug|Any CPU
		{89372C77-9DF7-4EAD-BE87-00A34BFB69F2}.Release|Any CPU.ActiveCfg = Release|Any CPU
		{89372C77-9DF7-4EAD-BE87-00A34BFB69F2}.Release|Any CPU.Build.0 = Release|Any CPU
		{3FC556B9-4563-4D5E-BF85-CB60DDFEE046}.Debug|Any CPU.ActiveCfg = Debug|Any CPU
		{3FC556B9-4563-4D5E-BF85-CB60DDFEE046}.Debug|Any CPU.Build.0 = Debug|Any CPU
		{3FC556B9-4563-4D5E-BF85-CB60DDFEE046}.Release|Any CPU.ActiveCfg = Release|Any CPU
		{3FC556B9-4563-4D5E-BF85-CB60DDFEE046}.Release|Any CPU.Build.0 = Release|Any CPU
	EndGlobalSection
	GlobalSection(SolutionProperties) = preSolution
		HideSolutionNode = FALSE
	EndGlobalSection
EndGlobal
